
Microsoft Visual Studio Solution File, Format Version 12.00
# Visual Studio Version 17
VisualStudioVersion = 17.10.35122.118
MinimumVisualStudioVersion = 10.0.40219.1
Project("{9A19103F-16F7-4668-BE54-9A1E7A4F7556}") = "BusinessObjects", "BusinessObjects\BusinessObjects.csproj", "{525EE4C3-8356-42DF-B4F3-91A86914638E}"
EndProject
Project("{9A19103F-16F7-4668-BE54-9A1E7A4F7556}") = "DataAccessObjects", "DataAccessObjects\DataAccessObjects.csproj", "{9FF84CE5-8E22-4477-B355-45B444EF5AEB}"
EndProject
Project("{9A19103F-16F7-4668-BE54-9A1E7A4F7556}") = "Repositories", "Repositories\Repositories.csproj", "{936B51FC-E7EB-4CE7-915A-5F8D51E13F29}"
EndProject
Project("{9A19103F-16F7-4668-BE54-9A1E7A4F7556}") = "Services", "Services\Services.csproj", "{5E0349A8-FFEA-460E-9CE2-5FFBE8E78211}"
EndProject
Project("{FAE04EC0-301F-11D3-BF4B-00C04F79EFBC}") = "ProductManagementMVC", "ProductManagementMVC\ProductManagementMVC.csproj", "{C61BEA64-039B-47EA-A252-D94572B8279C}"
EndProject
Global
	GlobalSection(SolutionConfigurationPlatforms) = preSolution
		Debug|Any CPU = Debug|Any CPU
		Release|Any CPU = Release|Any CPU
	EndGlobalSection
	GlobalSection(ProjectConfigurationPlatforms) = postSolution
		{525EE4C3-8356-42DF-B4F3-91A86914638E}.Debug|Any CPU.ActiveCfg = Debug|Any CPU
		{525EE4C3-8356-42DF-B4F3-91A86914638E}.Debug|Any CPU.Build.0 = Debug|Any CPU
		{525EE4C3-8356-42DF-B4F3-91A86914638E}.Release|Any CPU.ActiveCfg = Release|Any CPU
		{525EE4C3-8356-42DF-B4F3-91A86914638E}.Release|Any CPU.Build.0 = Release|Any CPU
		{9FF84CE5-8E22-4477-B355-45B444EF5AEB}.Debug|Any CPU.ActiveCfg = Debug|Any CPU
		{9FF84CE5-8E22-4477-B355-45B444EF5AEB}.Debug|Any CPU.Build.0 = Debug|Any CPU
		{9FF84CE5-8E22-4477-B355-45B444EF5AEB}.Release|Any CPU.ActiveCfg = Release|Any CPU
		{9FF84CE5-8E22-4477-B355-45B444EF5AEB}.Release|Any CPU.Build.0 = Release|Any CPU
		{936B51FC-E7EB-4CE7-915A-5F8D51E13F29}.Debug|Any CPU.ActiveCfg = Debug|Any CPU
		{936B51FC-E7EB-4CE7-915A-5F8D51E13F29}.Debug|Any CPU.Build.0 = Debug|Any CPU
		{936B51FC-E7EB-4CE7-915A-5F8D51E13F29}.Release|Any CPU.ActiveCfg = Release|Any CPU
		{936B51FC-E7EB-4CE7-915A-5F8D51E13F29}.Release|Any CPU.Build.0 = Release|Any CPU
		{5E0349A8-FFEA-460E-9CE2-5FFBE8E78211}.Debug|Any CPU.ActiveCfg = Debug|Any CPU
		{5E0349A8-FFEA-460E-9CE2-5FFBE8E78211}.Debug|Any CPU.Build.0 = Debug|Any CPU
		{5E0349A8-FFEA-460E-9CE2-5FFBE8E78211}.Release|Any CPU.ActiveCfg = Release|Any CPU
		{5E0349A8-FFEA-460E-9CE2-5FFBE8E78211}.Release|Any CPU.Build.0 = Release|Any CPU
		{C61BEA64-039B-47EA-A252-D94572B8279C}.Debug|Any CPU.ActiveCfg = Debug|Any CPU
		{C61BEA64-039B-47EA-A252-D94572B8279C}.Debug|Any CPU.Build.0 = Debug|Any CPU
		{C61BEA64-039B-47EA-A252-D94572B8279C}.Release|Any CPU.ActiveCfg = Release|Any CPU
		{C61BEA64-039B-47EA-A252-D94572B8279C}.Release|Any CPU.Build.0 = Release|Any CPU
	EndGlobalSection
	GlobalSection(SolutionProperties) = preSolution
		HideSolutionNode = FALSE
	EndGlobalSection
	GlobalSection(ExtensibilityGlobals) = postSolution
		SolutionGuid = {A0833C81-890D-429D-9BCB-7221144AABD0}
	EndGlobalSection
EndGlobal
